// !$*UTF8*$!
{
	archiveVersion = 1;
	classes = {
	};
	objectVersion = 51;
	objects = {

/* Begin PBXBuildFile section */
		90B7746353736950ACF93609 /* Pods_ParstagramTests.framework in Frameworks */ = {isa = PBXBuildFile; fileRef = 5069A82875CF855BA227BF82 /* Pods_ParstagramTests.framework */; };
		973DBCE20CF50EA6FB1A512E /* Pods_Parstagram.framework in Frameworks */ = {isa = PBXBuildFile; fileRef = 73664CFF30A9D1058D283709 /* Pods_Parstagram.framework */; };
		C42EAA5A9C983AB6279343B3 /* Pods_Parstagram_ParstagramUITests.framework in Frameworks */ = {isa = PBXBuildFile; fileRef = 6A03E74B13EBC6D7B970838E /* Pods_Parstagram_ParstagramUITests.framework */; };
		D4B510DB2602B5DC00BEEA68 /* AppDelegate.swift in Sources */ = {isa = PBXBuildFile; fileRef = D4B510DA2602B5DC00BEEA68 /* AppDelegate.swift */; };
		D4B510DD2602B5DC00BEEA68 /* SceneDelegate.swift in Sources */ = {isa = PBXBuildFile; fileRef = D4B510DC2602B5DC00BEEA68 /* SceneDelegate.swift */; };
		D4B510E22602B5DC00BEEA68 /* Main.storyboard in Resources */ = {isa = PBXBuildFile; fileRef = D4B510E02602B5DC00BEEA68 /* Main.storyboard */; };
		D4B510E42602B5DF00BEEA68 /* Assets.xcassets in Resources */ = {isa = PBXBuildFile; fileRef = D4B510E32602B5DF00BEEA68 /* Assets.xcassets */; };
		D4B510E72602B5DF00BEEA68 /* LaunchScreen.storyboard in Resources */ = {isa = PBXBuildFile; fileRef = D4B510E52602B5DF00BEEA68 /* LaunchScreen.storyboard */; };
		D4B510F22602B5DF00BEEA68 /* ParstagramTests.swift in Sources */ = {isa = PBXBuildFile; fileRef = D4B510F12602B5DF00BEEA68 /* ParstagramTests.swift */; };
		D4B510FD2602B5DF00BEEA68 /* ParstagramUITests.swift in Sources */ = {isa = PBXBuildFile; fileRef = D4B510FC2602B5DF00BEEA68 /* ParstagramUITests.swift */; };
		D4CC56232602DF61006643A2 /* LoginViewController.swift in Sources */ = {isa = PBXBuildFile; fileRef = D4CC56222602DF61006643A2 /* LoginViewController.swift */; };
		D4CC562B2602DF71006643A2 /* FeedViewController.swift in Sources */ = {isa = PBXBuildFile; fileRef = D4CC562A2602DF71006643A2 /* FeedViewController.swift */; };
		D4CC56302602EAE6006643A2 /* CameraViewController.swift in Sources */ = {isa = PBXBuildFile; fileRef = D4CC562F2602EAE6006643A2 /* CameraViewController.swift */; };
/* End PBXBuildFile section */

/* Begin PBXContainerItemProxy section */
		D4B510EE2602B5DF00BEEA68 /* PBXContainerItemProxy */ = {
			isa = PBXContainerItemProxy;
			containerPortal = D4B510CF2602B5DC00BEEA68 /* Project object */;
			proxyType = 1;
			remoteGlobalIDString = D4B510D62602B5DC00BEEA68;
			remoteInfo = Parstagram;
		};
		D4B510F92602B5DF00BEEA68 /* PBXContainerItemProxy */ = {
			isa = PBXContainerItemProxy;
			containerPortal = D4B510CF2602B5DC00BEEA68 /* Project object */;
			proxyType = 1;
			remoteGlobalIDString = D4B510D62602B5DC00BEEA68;
			remoteInfo = Parstagram;
		};
/* End PBXContainerItemProxy section */

/* Begin PBXFileReference section */
		08417E3273F106E2108CCF7E /* Pods-ParstagramTests.release.xcconfig */ = {isa = PBXFileReference; includeInIndex = 1; lastKnownFileType = text.xcconfig; name = "Pods-ParstagramTests.release.xcconfig"; path = "Target Support Files/Pods-ParstagramTests/Pods-ParstagramTests.release.xcconfig"; sourceTree = "<group>"; };
		4A28087EC0A7E0C1D9500D17 /* Pods-ParstagramTests.debug.xcconfig */ = {isa = PBXFileReference; includeInIndex = 1; lastKnownFileType = text.xcconfig; name = "Pods-ParstagramTests.debug.xcconfig"; path = "Target Support Files/Pods-ParstagramTests/Pods-ParstagramTests.debug.xcconfig"; sourceTree = "<group>"; };
		5069A82875CF855BA227BF82 /* Pods_ParstagramTests.framework */ = {isa = PBXFileReference; explicitFileType = wrapper.framework; includeInIndex = 0; path = Pods_ParstagramTests.framework; sourceTree = BUILT_PRODUCTS_DIR; };
		543EA649721AD76A3B187014 /* Pods-Parstagram.release.xcconfig */ = {isa = PBXFileReference; includeInIndex = 1; lastKnownFileType = text.xcconfig; name = "Pods-Parstagram.release.xcconfig"; path = "Target Support Files/Pods-Parstagram/Pods-Parstagram.release.xcconfig"; sourceTree = "<group>"; };
		5B9B05FAA832CC08FDA1DD93 /* Pods-Parstagram-ParstagramUITests.debug.xcconfig */ = {isa = PBXFileReference; includeInIndex = 1; lastKnownFileType = text.xcconfig; name = "Pods-Parstagram-ParstagramUITests.debug.xcconfig"; path = "Target Support Files/Pods-Parstagram-ParstagramUITests/Pods-Parstagram-ParstagramUITests.debug.xcconfig"; sourceTree = "<group>"; };
		6A03E74B13EBC6D7B970838E /* Pods_Parstagram_ParstagramUITests.framework */ = {isa = PBXFileReference; explicitFileType = wrapper.framework; includeInIndex = 0; path = Pods_Parstagram_ParstagramUITests.framework; sourceTree = BUILT_PRODUCTS_DIR; };
		73664CFF30A9D1058D283709 /* Pods_Parstagram.framework */ = {isa = PBXFileReference; explicitFileType = wrapper.framework; includeInIndex = 0; path = Pods_Parstagram.framework; sourceTree = BUILT_PRODUCTS_DIR; };
		8D81EEBA9948F8636DF3223F /* Pods-Parstagram-ParstagramUITests.release.xcconfig */ = {isa = PBXFileReference; includeInIndex = 1; lastKnownFileType = text.xcconfig; name = "Pods-Parstagram-ParstagramUITests.release.xcconfig"; path = "Target Support Files/Pods-Parstagram-ParstagramUITests/Pods-Parstagram-ParstagramUITests.release.xcconfig"; sourceTree = "<group>"; };
		D4B510D72602B5DC00BEEA68 /* Parstagram.app */ = {isa = PBXFileReference; explicitFileType = wrapper.application; includeInIndex = 0; path = Parstagram.app; sourceTree = BUILT_PRODUCTS_DIR; };
		D4B510DA2602B5DC00BEEA68 /* AppDelegate.swift */ = {isa = PBXFileReference; lastKnownFileType = sourcecode.swift; path = AppDelegate.swift; sourceTree = "<group>"; };
		D4B510DC2602B5DC00BEEA68 /* SceneDelegate.swift */ = {isa = PBXFileReference; lastKnownFileType = sourcecode.swift; path = SceneDelegate.swift; sourceTree = "<group>"; };
		D4B510E12602B5DC00BEEA68 /* Base */ = {isa = PBXFileReference; lastKnownFileType = file.storyboard; name = Base; path = Base.lproj/Main.storyboard; sourceTree = "<group>"; };
		D4B510E32602B5DF00BEEA68 /* Assets.xcassets */ = {isa = PBXFileReference; lastKnownFileType = folder.assetcatalog; path = Assets.xcassets; sourceTree = "<group>"; };
		D4B510E62602B5DF00BEEA68 /* Base */ = {isa = PBXFileReference; lastKnownFileType = file.storyboard; name = Base; path = Base.lproj/LaunchScreen.storyboard; sourceTree = "<group>"; };
		D4B510E82602B5DF00BEEA68 /* Info.plist */ = {isa = PBXFileReference; lastKnownFileType = text.plist.xml; path = Info.plist; sourceTree = "<group>"; };
		D4B510ED2602B5DF00BEEA68 /* ParstagramTests.xctest */ = {isa = PBXFileReference; explicitFileType = wrapper.cfbundle; includeInIndex = 0; path = ParstagramTests.xctest; sourceTree = BUILT_PRODUCTS_DIR; };
		D4B510F12602B5DF00BEEA68 /* ParstagramTests.swift */ = {isa = PBXFileReference; lastKnownFileType = sourcecode.swift; path = ParstagramTests.swift; sourceTree = "<group>"; };
		D4B510F32602B5DF00BEEA68 /* Info.plist */ = {isa = PBXFileReference; lastKnownFileType = text.plist.xml; path = Info.plist; sourceTree = "<group>"; };
		D4B510F82602B5DF00BEEA68 /* ParstagramUITests.xctest */ = {isa = PBXFileReference; explicitFileType = wrapper.cfbundle; includeInIndex = 0; path = ParstagramUITests.xctest; sourceTree = BUILT_PRODUCTS_DIR; };
		D4B510FC2602B5DF00BEEA68 /* ParstagramUITests.swift */ = {isa = PBXFileReference; lastKnownFileType = sourcecode.swift; path = ParstagramUITests.swift; sourceTree = "<group>"; };
		D4B510FE2602B5DF00BEEA68 /* Info.plist */ = {isa = PBXFileReference; lastKnownFileType = text.plist.xml; path = Info.plist; sourceTree = "<group>"; };
		D4CC56222602DF61006643A2 /* LoginViewController.swift */ = {isa = PBXFileReference; lastKnownFileType = sourcecode.swift; path = LoginViewController.swift; sourceTree = "<group>"; };
		D4CC562A2602DF71006643A2 /* FeedViewController.swift */ = {isa = PBXFileReference; lastKnownFileType = sourcecode.swift; path = FeedViewController.swift; sourceTree = "<group>"; };
		D4CC562F2602EAE6006643A2 /* CameraViewController.swift */ = {isa = PBXFileReference; lastKnownFileType = sourcecode.swift; path = CameraViewController.swift; sourceTree = "<group>"; };
		FE393BDC2B136252A6683387 /* Pods-Parstagram.debug.xcconfig */ = {isa = PBXFileReference; includeInIndex = 1; lastKnownFileType = text.xcconfig; name = "Pods-Parstagram.debug.xcconfig"; path = "Target Support Files/Pods-Parstagram/Pods-Parstagram.debug.xcconfig"; sourceTree = "<group>"; };
/* End PBXFileReference section */

/* Begin PBXFrameworksBuildPhase section */
		D4B510D42602B5DC00BEEA68 /* Frameworks */ = {
			isa = PBXFrameworksBuildPhase;
			buildActionMask = 2147483647;
			files = (
				973DBCE20CF50EA6FB1A512E /* Pods_Parstagram.framework in Frameworks */,
			);
			runOnlyForDeploymentPostprocessing = 0;
		};
		D4B510EA2602B5DF00BEEA68 /* Frameworks */ = {
			isa = PBXFrameworksBuildPhase;
			buildActionMask = 2147483647;
			files = (
				90B7746353736950ACF93609 /* Pods_ParstagramTests.framework in Frameworks */,
			);
			runOnlyForDeploymentPostprocessing = 0;
		};
		D4B510F52602B5DF00BEEA68 /* Frameworks */ = {
			isa = PBXFrameworksBuildPhase;
			buildActionMask = 2147483647;
			files = (
				C42EAA5A9C983AB6279343B3 /* Pods_Parstagram_ParstagramUITests.framework in Frameworks */,
			);
			runOnlyForDeploymentPostprocessing = 0;
		};
/* End PBXFrameworksBuildPhase section */

/* Begin PBXGroup section */
		05709767D396A8E5FD7DA24A /* Pods */ = {
			isa = PBXGroup;
			children = (
				FE393BDC2B136252A6683387 /* Pods-Parstagram.debug.xcconfig */,
				543EA649721AD76A3B187014 /* Pods-Parstagram.release.xcconfig */,
				5B9B05FAA832CC08FDA1DD93 /* Pods-Parstagram-ParstagramUITests.debug.xcconfig */,
				8D81EEBA9948F8636DF3223F /* Pods-Parstagram-ParstagramUITests.release.xcconfig */,
				4A28087EC0A7E0C1D9500D17 /* Pods-ParstagramTests.debug.xcconfig */,
				08417E3273F106E2108CCF7E /* Pods-ParstagramTests.release.xcconfig */,
			);
			path = Pods;
			sourceTree = "<group>";
		};
		52EA4D43A0EED8E7B063983A /* Frameworks */ = {
			isa = PBXGroup;
			children = (
				73664CFF30A9D1058D283709 /* Pods_Parstagram.framework */,
				6A03E74B13EBC6D7B970838E /* Pods_Parstagram_ParstagramUITests.framework */,
				5069A82875CF855BA227BF82 /* Pods_ParstagramTests.framework */,
			);
			name = Frameworks;
			sourceTree = "<group>";
		};
		D4B510CE2602B5DC00BEEA68 = {
			isa = PBXGroup;
			children = (
				D4B510D92602B5DC00BEEA68 /* Parstagram */,
				D4B510F02602B5DF00BEEA68 /* ParstagramTests */,
				D4B510FB2602B5DF00BEEA68 /* ParstagramUITests */,
				D4B510D82602B5DC00BEEA68 /* Products */,
				05709767D396A8E5FD7DA24A /* Pods */,
				52EA4D43A0EED8E7B063983A /* Frameworks */,
			);
			sourceTree = "<group>";
		};
		D4B510D82602B5DC00BEEA68 /* Products */ = {
			isa = PBXGroup;
			children = (
				D4B510D72602B5DC00BEEA68 /* Parstagram.app */,
				D4B510ED2602B5DF00BEEA68 /* ParstagramTests.xctest */,
				D4B510F82602B5DF00BEEA68 /* ParstagramUITests.xctest */,
			);
			name = Products;
			sourceTree = "<group>";
		};
		D4B510D92602B5DC00BEEA68 /* Parstagram */ = {
			isa = PBXGroup;
			children = (
				D4CC56212602DF39006643A2 /* Cells */,
				D4CC56202602DF2A006643A2 /* Controllers */,
				D4B510DA2602B5DC00BEEA68 /* AppDelegate.swift */,
				D4B510DC2602B5DC00BEEA68 /* SceneDelegate.swift */,
				D4B510E02602B5DC00BEEA68 /* Main.storyboard */,
				D4B510E32602B5DF00BEEA68 /* Assets.xcassets */,
				D4B510E52602B5DF00BEEA68 /* LaunchScreen.storyboard */,
				D4B510E82602B5DF00BEEA68 /* Info.plist */,
			);
			path = Parstagram;
			sourceTree = "<group>";
		};
		D4B510F02602B5DF00BEEA68 /* ParstagramTests */ = {
			isa = PBXGroup;
			children = (
				D4B510F12602B5DF00BEEA68 /* ParstagramTests.swift */,
				D4B510F32602B5DF00BEEA68 /* Info.plist */,
			);
			path = ParstagramTests;
			sourceTree = "<group>";
		};
		D4B510FB2602B5DF00BEEA68 /* ParstagramUITests */ = {
			isa = PBXGroup;
			children = (
				D4B510FC2602B5DF00BEEA68 /* ParstagramUITests.swift */,
				D4B510FE2602B5DF00BEEA68 /* Info.plist */,
			);
			path = ParstagramUITests;
			sourceTree = "<group>";
		};
		D4CC56202602DF2A006643A2 /* Controllers */ = {
			isa = PBXGroup;
			children = (
				D4CC56222602DF61006643A2 /* LoginViewController.swift */,
				D4CC562A2602DF71006643A2 /* FeedViewController.swift */,
				D4CC562F2602EAE6006643A2 /* CameraViewController.swift */,
			);
			name = Controllers;
			sourceTree = "<group>";
		};
		D4CC56212602DF39006643A2 /* Cells */ = {
			isa = PBXGroup;
			children = (
			);
			path = Cells;
			sourceTree = "<group>";
		};
/* End PBXGroup section */

/* Begin PBXNativeTarget section */
		D4B510D62602B5DC00BEEA68 /* Parstagram */ = {
			isa = PBXNativeTarget;
			buildConfigurationList = D4B511012602B5DF00BEEA68 /* Build configuration list for PBXNativeTarget "Parstagram" */;
			buildPhases = (
				3B96D9257050B254CC88BB39 /* [CP] Check Pods Manifest.lock */,
				D4B510D32602B5DC00BEEA68 /* Sources */,
				D4B510D42602B5DC00BEEA68 /* Frameworks */,
				D4B510D52602B5DC00BEEA68 /* Resources */,
				E1E88C0294A6101175FBD293 /* [CP] Embed Pods Frameworks */,
			);
			buildRules = (
			);
			dependencies = (
			);
			name = Parstagram;
			productName = Parstagram;
			productReference = D4B510D72602B5DC00BEEA68 /* Parstagram.app */;
			productType = "com.apple.product-type.application";
		};
		D4B510EC2602B5DF00BEEA68 /* ParstagramTests */ = {
			isa = PBXNativeTarget;
			buildConfigurationList = D4B511042602B5DF00BEEA68 /* Build configuration list for PBXNativeTarget "ParstagramTests" */;
			buildPhases = (
				C0BA4254A4C32A9108482016 /* [CP] Check Pods Manifest.lock */,
				D4B510E92602B5DF00BEEA68 /* Sources */,
				D4B510EA2602B5DF00BEEA68 /* Frameworks */,
				D4B510EB2602B5DF00BEEA68 /* Resources */,
			);
			buildRules = (
			);
			dependencies = (
				D4B510EF2602B5DF00BEEA68 /* PBXTargetDependency */,
			);
			name = ParstagramTests;
			productName = ParstagramTests;
			productReference = D4B510ED2602B5DF00BEEA68 /* ParstagramTests.xctest */;
			productType = "com.apple.product-type.bundle.unit-test";
		};
		D4B510F72602B5DF00BEEA68 /* ParstagramUITests */ = {
			isa = PBXNativeTarget;
			buildConfigurationList = D4B511072602B5DF00BEEA68 /* Build configuration list for PBXNativeTarget "ParstagramUITests" */;
			buildPhases = (
				AEAEAA69DC44E33A7D7794A7 /* [CP] Check Pods Manifest.lock */,
				D4B510F42602B5DF00BEEA68 /* Sources */,
				D4B510F52602B5DF00BEEA68 /* Frameworks */,
				D4B510F62602B5DF00BEEA68 /* Resources */,
				8DD80D1DAFDC5E23449BD535 /* [CP] Embed Pods Frameworks */,
			);
			buildRules = (
			);
			dependencies = (
				D4B510FA2602B5DF00BEEA68 /* PBXTargetDependency */,
			);
			name = ParstagramUITests;
			productName = ParstagramUITests;
			productReference = D4B510F82602B5DF00BEEA68 /* ParstagramUITests.xctest */;
			productType = "com.apple.product-type.bundle.ui-testing";
		};
/* End PBXNativeTarget section */

/* Begin PBXProject section */
		D4B510CF2602B5DC00BEEA68 /* Project object */ = {
			isa = PBXProject;
			attributes = {
				LastSwiftUpdateCheck = 1240;
				LastUpgradeCheck = 1240;
				TargetAttributes = {
					D4B510D62602B5DC00BEEA68 = {
						CreatedOnToolsVersion = 12.4;
					};
					D4B510EC2602B5DF00BEEA68 = {
						CreatedOnToolsVersion = 12.4;
						TestTargetID = D4B510D62602B5DC00BEEA68;
					};
					D4B510F72602B5DF00BEEA68 = {
						CreatedOnToolsVersion = 12.4;
						TestTargetID = D4B510D62602B5DC00BEEA68;
					};
				};
			};
			buildConfigurationList = D4B510D22602B5DC00BEEA68 /* Build configuration list for PBXProject "Parstagram" */;
			compatibilityVersion = "Xcode 9.3";
			developmentRegion = en;
			hasScannedForEncodings = 0;
			knownRegions = (
				en,
				Base,
			);
			mainGroup = D4B510CE2602B5DC00BEEA68;
			productRefGroup = D4B510D82602B5DC00BEEA68 /* Products */;
			projectDirPath = "";
			projectRoot = "";
			targets = (
				D4B510D62602B5DC00BEEA68 /* Parstagram */,
				D4B510EC2602B5DF00BEEA68 /* ParstagramTests */,
				D4B510F72602B5DF00BEEA68 /* ParstagramUITests */,
			);
		};
/* End PBXProject section */

/* Begin PBXResourcesBuildPhase section */
		D4B510D52602B5DC00BEEA68 /* Resources */ = {
			isa = PBXResourcesBuildPhase;
			buildActionMask = 2147483647;
			files = (
				D4B510E72602B5DF00BEEA68 /* LaunchScreen.storyboard in Resources */,
				D4B510E42602B5DF00BEEA68 /* Assets.xcassets in Resources */,
				D4B510E22602B5DC00BEEA68 /* Main.storyboard in Resources */,
			);
			runOnlyForDeploymentPostprocessing = 0;
		};
		D4B510EB2602B5DF00BEEA68 /* Resources */ = {
			isa = PBXResourcesBuildPhase;
			buildActionMask = 2147483647;
			files = (
			);
			runOnlyForDeploymentPostprocessing = 0;
		};
		D4B510F62602B5DF00BEEA68 /* Resources */ = {
			isa = PBXResourcesBuildPhase;
			buildActionMask = 2147483647;
			files = (
			);
			runOnlyForDeploymentPostprocessing = 0;
		};
/* End PBXResourcesBuildPhase section */

/* Begin PBXShellScriptBuildPhase section */
		3B96D9257050B254CC88BB39 /* [CP] Check Pods Manifest.lock */ = {
			isa = PBXShellScriptBuildPhase;
			buildActionMask = 2147483647;
			files = (
			);
			inputFileListPaths = (
			);
			inputPaths = (
				"${PODS_PODFILE_DIR_PATH}/Podfile.lock",
				"${PODS_ROOT}/Manifest.lock",
			);
			name = "[CP] Check Pods Manifest.lock";
			outputFileListPaths = (
			);
			outputPaths = (
				"$(DERIVED_FILE_DIR)/Pods-Parstagram-checkManifestLockResult.txt",
			);
			runOnlyForDeploymentPostprocessing = 0;
			shellPath = /bin/sh;
			shellScript = "diff \"${PODS_PODFILE_DIR_PATH}/Podfile.lock\" \"${PODS_ROOT}/Manifest.lock\" > /dev/null\nif [ $? != 0 ] ; then\n    # print error to STDERR\n    echo \"error: The sandbox is not in sync with the Podfile.lock. Run 'pod install' or update your CocoaPods installation.\" >&2\n    exit 1\nfi\n# This output is used by Xcode 'outputs' to avoid re-running this script phase.\necho \"SUCCESS\" > \"${SCRIPT_OUTPUT_FILE_0}\"\n";
			showEnvVarsInLog = 0;
		};
		8DD80D1DAFDC5E23449BD535 /* [CP] Embed Pods Frameworks */ = {
			isa = PBXShellScriptBuildPhase;
			buildActionMask = 2147483647;
			files = (
			);
			inputFileListPaths = (
				"${PODS_ROOT}/Target Support Files/Pods-Parstagram-ParstagramUITests/Pods-Parstagram-ParstagramUITests-frameworks-${CONFIGURATION}-input-files.xcfilelist",
			);
			name = "[CP] Embed Pods Frameworks";
			outputFileListPaths = (
				"${PODS_ROOT}/Target Support Files/Pods-Parstagram-ParstagramUITests/Pods-Parstagram-ParstagramUITests-frameworks-${CONFIGURATION}-output-files.xcfilelist",
			);
			runOnlyForDeploymentPostprocessing = 0;
			shellPath = /bin/sh;
			shellScript = "\"${PODS_ROOT}/Target Support Files/Pods-Parstagram-ParstagramUITests/Pods-Parstagram-ParstagramUITests-frameworks.sh\"\n";
			showEnvVarsInLog = 0;
		};
		AEAEAA69DC44E33A7D7794A7 /* [CP] Check Pods Manifest.lock */ = {
			isa = PBXShellScriptBuildPhase;
			buildActionMask = 2147483647;
			files = (
			);
			inputFileListPaths = (
			);
			inputPaths = (
				"${PODS_PODFILE_DIR_PATH}/Podfile.lock",
				"${PODS_ROOT}/Manifest.lock",
			);
			name = "[CP] Check Pods Manifest.lock";
			outputFileListPaths = (
			);
			outputPaths = (
				"$(DERIVED_FILE_DIR)/Pods-Parstagram-ParstagramUITests-checkManifestLockResult.txt",
			);
			runOnlyForDeploymentPostprocessing = 0;
			shellPath = /bin/sh;
			shellScript = "diff \"${PODS_PODFILE_DIR_PATH}/Podfile.lock\" \"${PODS_ROOT}/Manifest.lock\" > /dev/null\nif [ $? != 0 ] ; then\n    # print error to STDERR\n    echo \"error: The sandbox is not in sync with the Podfile.lock. Run 'pod install' or update your CocoaPods installation.\" >&2\n    exit 1\nfi\n# This output is used by Xcode 'outputs' to avoid re-running this script phase.\necho \"SUCCESS\" > \"${SCRIPT_OUTPUT_FILE_0}\"\n";
			showEnvVarsInLog = 0;
		};
		C0BA4254A4C32A9108482016 /* [CP] Check Pods Manifest.lock */ = {
			isa = PBXShellScriptBuildPhase;
			buildActionMask = 2147483647;
			files = (
			);
			inputFileListPaths = (
			);
			inputPaths = (
				"${PODS_PODFILE_DIR_PATH}/Podfile.lock",
				"${PODS_ROOT}/Manifest.lock",
			);
			name = "[CP] Check Pods Manifest.lock";
			outputFileListPaths = (
			);
			outputPaths = (
				"$(DERIVED_FILE_DIR)/Pods-ParstagramTests-checkManifestLockResult.txt",
			);
			runOnlyForDeploymentPostprocessing = 0;
			shellPath = /bin/sh;
			shellScript = "diff \"${PODS_PODFILE_DIR_PATH}/Podfile.lock\" \"${PODS_ROOT}/Manifest.lock\" > /dev/null\nif [ $? != 0 ] ; then\n    # print error to STDERR\n    echo \"error: The sandbox is not in sync with the Podfile.lock. Run 'pod install' or update your CocoaPods installation.\" >&2\n    exit 1\nfi\n# This output is used by Xcode 'outputs' to avoid re-running this script phase.\necho \"SUCCESS\" > \"${SCRIPT_OUTPUT_FILE_0}\"\n";
			showEnvVarsInLog = 0;
		};
		E1E88C0294A6101175FBD293 /* [CP] Embed Pods Frameworks */ = {
			isa = PBXShellScriptBuildPhase;
			buildActionMask = 2147483647;
			files = (
			);
			inputFileListPaths = (
				"${PODS_ROOT}/Target Support Files/Pods-Parstagram/Pods-Parstagram-frameworks-${CONFIGURATION}-input-files.xcfilelist",
			);
			name = "[CP] Embed Pods Frameworks";
			outputFileListPaths = (
				"${PODS_ROOT}/Target Support Files/Pods-Parstagram/Pods-Parstagram-frameworks-${CONFIGURATION}-output-files.xcfilelist",
			);
			runOnlyForDeploymentPostprocessing = 0;
			shellPath = /bin/sh;
			shellScript = "\"${PODS_ROOT}/Target Support Files/Pods-Parstagram/Pods-Parstagram-frameworks.sh\"\n";
			showEnvVarsInLog = 0;
		};
/* End PBXShellScriptBuildPhase section */

/* Begin PBXSourcesBuildPhase section */
		D4B510D32602B5DC00BEEA68 /* Sources */ = {
			isa = PBXSourcesBuildPhase;
			buildActionMask = 2147483647;
			files = (
				D4CC56232602DF61006643A2 /* LoginViewController.swift in Sources */,
				D4CC56302602EAE6006643A2 /* CameraViewController.swift in Sources */,
				D4B510DB2602B5DC00BEEA68 /* AppDelegate.swift in Sources */,
				D4CC562B2602DF71006643A2 /* FeedViewController.swift in Sources */,
				D4B510DD2602B5DC00BEEA68 /* SceneDelegate.swift in Sources */,
			);
			runOnlyForDeploymentPostprocessing = 0;
		};
		D4B510E92602B5DF00BEEA68 /* Sources */ = {
			isa = PBXSourcesBuildPhase;
			buildActionMask = 2147483647;
			files = (
				D4B510F22602B5DF00BEEA68 /* ParstagramTests.swift in Sources */,
			);
			runOnlyForDeploymentPostprocessing = 0;
		};
		D4B510F42602B5DF00BEEA68 /* Sources */ = {
			isa = PBXSourcesBuildPhase;
			buildActionMask = 2147483647;
			files = (
				D4B510FD2602B5DF00BEEA68 /* ParstagramUITests.swift in Sources */,
			);
			runOnlyForDeploymentPostprocessing = 0;
		};
/* End PBXSourcesBuildPhase section */

/* Begin PBXTargetDependency section */
		D4B510EF2602B5DF00BEEA68 /* PBXTargetDependency */ = {
			isa = PBXTargetDependency;
			target = D4B510D62602B5DC00BEEA68 /* Parstagram */;
			targetProxy = D4B510EE2602B5DF00BEEA68 /* PBXContainerItemProxy */;
		};
		D4B510FA2602B5DF00BEEA68 /* PBXTargetDependency */ = {
			isa = PBXTargetDependency;
			target = D4B510D62602B5DC00BEEA68 /* Parstagram */;
			targetProxy = D4B510F92602B5DF00BEEA68 /* PBXContainerItemProxy */;
		};
/* End PBXTargetDependency section */

/* Begin PBXVariantGroup section */
		D4B510E02602B5DC00BEEA68 /* Main.storyboard */ = {
			isa = PBXVariantGroup;
			children = (
				D4B510E12602B5DC00BEEA68 /* Base */,
			);
			name = Main.storyboard;
			sourceTree = "<group>";
		};
		D4B510E52602B5DF00BEEA68 /* LaunchScreen.storyboard */ = {
			isa = PBXVariantGroup;
			children = (
				D4B510E62602B5DF00BEEA68 /* Base */,
			);
			name = LaunchScreen.storyboard;
			sourceTree = "<group>";
		};
/* End PBXVariantGroup section */

/* Begin XCBuildConfiguration section */
		D4B510FF2602B5DF00BEEA68 /* Debug */ = {
			isa = XCBuildConfiguration;
			buildSettings = {
				ALWAYS_SEARCH_USER_PATHS = NO;
				CLANG_ANALYZER_NONNULL = YES;
				CLANG_ANALYZER_NUMBER_OBJECT_CONVERSION = YES_AGGRESSIVE;
				CLANG_CXX_LANGUAGE_STANDARD = "gnu++14";
				CLANG_CXX_LIBRARY = "libc++";
				CLANG_ENABLE_MODULES = YES;
				CLANG_ENABLE_OBJC_ARC = YES;
				CLANG_ENABLE_OBJC_WEAK = YES;
				CLANG_WARN_BLOCK_CAPTURE_AUTORELEASING = YES;
				CLANG_WARN_BOOL_CONVERSION = YES;
				CLANG_WARN_COMMA = YES;
				CLANG_WARN_CONSTANT_CONVERSION = YES;
				CLANG_WARN_DEPRECATED_OBJC_IMPLEMENTATIONS = YES;
				CLANG_WARN_DIRECT_OBJC_ISA_USAGE = YES_ERROR;
				CLANG_WARN_DOCUMENTATION_COMMENTS = YES;
				CLANG_WARN_EMPTY_BODY = YES;
				CLANG_WARN_ENUM_CONVERSION = YES;
				CLANG_WARN_INFINITE_RECURSION = YES;
				CLANG_WARN_INT_CONVERSION = YES;
				CLANG_WARN_NON_LITERAL_NULL_CONVERSION = YES;
				CLANG_WARN_OBJC_IMPLICIT_RETAIN_SELF = YES;
				CLANG_WARN_OBJC_LITERAL_CONVERSION = YES;
				CLANG_WARN_OBJC_ROOT_CLASS = YES_ERROR;
				CLANG_WARN_QUOTED_INCLUDE_IN_FRAMEWORK_HEADER = YES;
				CLANG_WARN_RANGE_LOOP_ANALYSIS = YES;
				CLANG_WARN_STRICT_PROTOTYPES = YES;
				CLANG_WARN_SUSPICIOUS_MOVE = YES;
				CLANG_WARN_UNGUARDED_AVAILABILITY = YES_AGGRESSIVE;
				CLANG_WARN_UNREACHABLE_CODE = YES;
				CLANG_WARN__DUPLICATE_METHOD_MATCH = YES;
				COPY_PHASE_STRIP = NO;
				DEBUG_INFORMATION_FORMAT = dwarf;
				ENABLE_STRICT_OBJC_MSGSEND = YES;
				ENABLE_TESTABILITY = YES;
				GCC_C_LANGUAGE_STANDARD = gnu11;
				GCC_DYNAMIC_NO_PIC = NO;
				GCC_NO_COMMON_BLOCKS = YES;
				GCC_OPTIMIZATION_LEVEL = 0;
				GCC_PREPROCESSOR_DEFINITIONS = (
					"DEBUG=1",
					"$(inherited)",
				);
				GCC_WARN_64_TO_32_BIT_CONVERSION = YES;
				GCC_WARN_ABOUT_RETURN_TYPE = YES_ERROR;
				GCC_WARN_UNDECLARED_SELECTOR = YES;
				GCC_WARN_UNINITIALIZED_AUTOS = YES_AGGRESSIVE;
				GCC_WARN_UNUSED_FUNCTION = YES;
				GCC_WARN_UNUSED_VARIABLE = YES;
				IPHONEOS_DEPLOYMENT_TARGET = 14.4;
				MTL_ENABLE_DEBUG_INFO = INCLUDE_SOURCE;
				MTL_FAST_MATH = YES;
				ONLY_ACTIVE_ARCH = YES;
				SDKROOT = iphoneos;
				SWIFT_ACTIVE_COMPILATION_CONDITIONS = DEBUG;
				SWIFT_OPTIMIZATION_LEVEL = "-Onone";
			};
			name = Debug;
		};
		D4B511002602B5DF00BEEA68 /* Release */ = {
			isa = XCBuildConfiguration;
			buildSettings = {
				ALWAYS_SEARCH_USER_PATHS = NO;
				CLANG_ANALYZER_NONNULL = YES;
				CLANG_ANALYZER_NUMBER_OBJECT_CONVERSION = YES_AGGRESSIVE;
				CLANG_CXX_LANGUAGE_STANDARD = "gnu++14";
				CLANG_CXX_LIBRARY = "libc++";
				CLANG_ENABLE_MODULES = YES;
				CLANG_ENABLE_OBJC_ARC = YES;
				CLANG_ENABLE_OBJC_WEAK = YES;
				CLANG_WARN_BLOCK_CAPTURE_AUTORELEASING = YES;
				CLANG_WARN_BOOL_CONVERSION = YES;
				CLANG_WARN_COMMA = YES;
				CLANG_WARN_CONSTANT_CONVERSION = YES;
				CLANG_WARN_DEPRECATED_OBJC_IMPLEMENTATIONS = YES;
				CLANG_WARN_DIRECT_OBJC_ISA_USAGE = YES_ERROR;
				CLANG_WARN_DOCUMENTATION_COMMENTS = YES;
				CLANG_WARN_EMPTY_BODY = YES;
				CLANG_WARN_ENUM_CONVERSION = YES;
				CLANG_WARN_INFINITE_RECURSION = YES;
				CLANG_WARN_INT_CONVERSION = YES;
				CLANG_WARN_NON_LITERAL_NULL_CONVERSION = YES;
				CLANG_WARN_OBJC_IMPLICIT_RETAIN_SELF = YES;
				CLANG_WARN_OBJC_LITERAL_CONVERSION = YES;
				CLANG_WARN_OBJC_ROOT_CLASS = YES_ERROR;
				CLANG_WARN_QUOTED_INCLUDE_IN_FRAMEWORK_HEADER = YES;
				CLANG_WARN_RANGE_LOOP_ANALYSIS = YES;
				CLANG_WARN_STRICT_PROTOTYPES = YES;
				CLANG_WARN_SUSPICIOUS_MOVE = YES;
				CLANG_WARN_UNGUARDED_AVAILABILITY = YES_AGGRESSIVE;
				CLANG_WARN_UNREACHABLE_CODE = YES;
				CLANG_WARN__DUPLICATE_METHOD_MATCH = YES;
				COPY_PHASE_STRIP = NO;
				DEBUG_INFORMATION_FORMAT = "dwarf-with-dsym";
				ENABLE_NS_ASSERTIONS = NO;
				ENABLE_STRICT_OBJC_MSGSEND = YES;
				GCC_C_LANGUAGE_STANDARD = gnu11;
				GCC_NO_COMMON_BLOCKS = YES;
				GCC_WARN_64_TO_32_BIT_CONVERSION = YES;
				GCC_WARN_ABOUT_RETURN_TYPE = YES_ERROR;
				GCC_WARN_UNDECLARED_SELECTOR = YES;
				GCC_WARN_UNINITIALIZED_AUTOS = YES_AGGRESSIVE;
				GCC_WARN_UNUSED_FUNCTION = YES;
				GCC_WARN_UNUSED_VARIABLE = YES;
				IPHONEOS_DEPLOYMENT_TARGET = 14.4;
				MTL_ENABLE_DEBUG_INFO = NO;
				MTL_FAST_MATH = YES;
				SDKROOT = iphoneos;
				SWIFT_COMPILATION_MODE = wholemodule;
				SWIFT_OPTIMIZATION_LEVEL = "-O";
				VALIDATE_PRODUCT = YES;
			};
			name = Release;
		};
		D4B511022602B5DF00BEEA68 /* Debug */ = {
			isa = XCBuildConfiguration;
			baseConfigurationReference = FE393BDC2B136252A6683387 /* Pods-Parstagram.debug.xcconfig */;
			buildSettings = {
				ASSETCATALOG_COMPILER_APPICON_NAME = AppIcon;
				ASSETCATALOG_COMPILER_GLOBAL_ACCENT_COLOR_NAME = AccentColor;
				CODE_SIGN_STYLE = Automatic;
				DEVELOPMENT_TEAM = CMNC78D6DM;
				INFOPLIST_FILE = Parstagram/Info.plist;
				LD_RUNPATH_SEARCH_PATHS = (
					"$(inherited)",
					"@executable_path/Frameworks",
				);
				PRODUCT_BUNDLE_IDENTIFIER = com.Andy.Parstagram;
				PRODUCT_NAME = "$(TARGET_NAME)";
				SWIFT_VERSION = 5.0;
				TARGETED_DEVICE_FAMILY = "1,2";
			};
			name = Debug;
		};
		D4B511032602B5DF00BEEA68 /* Release */ = {
			isa = XCBuildConfiguration;
			baseConfigurationReference = 543EA649721AD76A3B187014 /* Pods-Parstagram.release.xcconfig */;
			buildSettings = {
				ASSETCATALOG_COMPILER_APPICON_NAME = AppIcon;
				ASSETCATALOG_COMPILER_GLOBAL_ACCENT_COLOR_NAME = AccentColor;
				CODE_SIGN_STYLE = Automatic;
				DEVELOPMENT_TEAM = CMNC78D6DM;
				INFOPLIST_FILE = Parstagram/Info.plist;
				LD_RUNPATH_SEARCH_PATHS = (
					"$(inherited)",
					"@executable_path/Frameworks",
				);
				PRODUCT_BUNDLE_IDENTIFIER = com.Andy.Parstagram;
				PRODUCT_NAME = "$(TARGET_NAME)";
				SWIFT_VERSION = 5.0;
				TARGETED_DEVICE_FAMILY = "1,2";
			};
			name = Release;
		};
		D4B511052602B5DF00BEEA68 /* Debug */ = {
			isa = XCBuildConfiguration;
			baseConfigurationReference = 4A28087EC0A7E0C1D9500D17 /* Pods-ParstagramTests.debug.xcconfig */;
			buildSettings = {
				ALWAYS_EMBED_SWIFT_STANDARD_LIBRARIES = YES;
				BUNDLE_LOADER = "$(TEST_HOST)";
				CODE_SIGN_STYLE = Automatic;
				DEVELOPMENT_TEAM = CMNC78D6DM;
				INFOPLIST_FILE = ParstagramTests/Info.plist;
				IPHONEOS_DEPLOYMENT_TARGET = 14.4;
				LD_RUNPATH_SEARCH_PATHS = (
					"$(inherited)",
					"@executable_path/Frameworks",
					"@loader_path/Frameworks",
				);
				PRODUCT_BUNDLE_IDENTIFIER = com.Andy.ParstagramTests;
				PRODUCT_NAME = "$(TARGET_NAME)";
				SWIFT_VERSION = 5.0;
				TARGETED_DEVICE_FAMILY = "1,2";
				TEST_HOST = "$(BUILT_PRODUCTS_DIR)/Parstagram.app/Parstagram";
			};
			name = Debug;
		};
		D4B511062602B5DF00BEEA68 /* Release */ = {
			isa = XCBuildConfiguration;
			baseConfigurationReference = 08417E3273F106E2108CCF7E /* Pods-ParstagramTests.release.xcconfig */;
			buildSettings = {
				ALWAYS_EMBED_SWIFT_STANDARD_LIBRARIES = YES;
				BUNDLE_LOADER = "$(TEST_HOST)";
				CODE_SIGN_STYLE = Automatic;
				DEVELOPMENT_TEAM = CMNC78D6DM;
				INFOPLIST_FILE = ParstagramTests/Info.plist;
				IPHONEOS_DEPLOYMENT_TARGET = 14.4;
				LD_RUNPATH_SEARCH_PATHS = (
					"$(inherited)",
					"@executable_path/Frameworks",
					"@loader_path/Frameworks",
				);
				PRODUCT_BUNDLE_IDENTIFIER = com.Andy.ParstagramTests;
				PRODUCT_NAME = "$(TARGET_NAME)";
				SWIFT_VERSION = 5.0;
				TARGETED_DEVICE_FAMILY = "1,2";
				TEST_HOST = "$(BUILT_PRODUCTS_DIR)/Parstagram.app/Parstagram";
			};
			name = Release;
		};
		D4B511082602B5DF00BEEA68 /* Debug */ = {
			isa = XCBuildConfiguration;
			baseConfigurationReference = 5B9B05FAA832CC08FDA1DD93 /* Pods-Parstagram-ParstagramUITests.debug.xcconfig */;
			buildSettings = {
				ALWAYS_EMBED_SWIFT_STANDARD_LIBRARIES = YES;
				CODE_SIGN_STYLE = Automatic;
				DEVELOPMENT_TEAM = CMNC78D6DM;
				INFOPLIST_FILE = ParstagramUITests/Info.plist;
				LD_RUNPATH_SEARCH_PATHS = (
					"$(inherited)",
					"@executable_path/Frameworks",
					"@loader_path/Frameworks",
				);
				PRODUCT_BUNDLE_IDENTIFIER = com.Andy.ParstagramUITests;
				PRODUCT_NAME = "$(TARGET_NAME)";
				SWIFT_VERSION = 5.0;
				TARGETED_DEVICE_FAMILY = "1,2";
				TEST_TARGET_NAME = Parstagram;
			};
			name = Debug;
		};
		D4B511092602B5DF00BEEA68 /* Release */ = {
			isa = XCBuildConfiguration;
			baseConfigurationReference = 8D81EEBA9948F8636DF3223F /* Pods-Parstagram-ParstagramUITests.release.xcconfig */;
			buildSettings = {
				ALWAYS_EMBED_SWIFT_STANDARD_LIBRARIES = YES;
				CODE_SIGN_STYLE = Automatic;
				DEVELOPMENT_TEAM = CMNC78D6DM;
				INFOPLIST_FILE = ParstagramUITests/Info.plist;
				LD_RUNPATH_SEARCH_PATHS = (
					"$(inherited)",
					"@executable_path/Frameworks",
					"@loader_path/Frameworks",
				);
				PRODUCT_BUNDLE_IDENTIFIER = com.Andy.ParstagramUITests;
				PRODUCT_NAME = "$(TARGET_NAME)";
				SWIFT_VERSION = 5.0;
				TARGETED_DEVICE_FAMILY = "1,2";
				TEST_TARGET_NAME = Parstagram;
			};
			name = Release;
		};
/* End XCBuildConfiguration section */

/* Begin XCConfigurationList section */
		D4B510D22602B5DC00BEEA68 /* Build configuration list for PBXProject "Parstagram" */ = {
			isa = XCConfigurationList;
			buildConfigurations = (
				D4B510FF2602B5DF00BEEA68 /* Debug */,
				D4B511002602B5DF00BEEA68 /* Release */,
			);
			defaultConfigurationIsVisible = 0;
			defaultConfigurationName = Release;
		};
		D4B511012602B5DF00BEEA68 /* Build configuration list for PBXNativeTarget "Parstagram" */ = {
			isa = XCConfigurationList;
			buildConfigurations = (
				D4B511022602B5DF00BEEA68 /* Debug */,
				D4B511032602B5DF00BEEA68 /* Release */,
			);
			defaultConfigurationIsVisible = 0;
			defaultConfigurationName = Release;
		};
		D4B511042602B5DF00BEEA68 /* Build configuration list for PBXNativeTarget "ParstagramTests" */ = {
			isa = XCConfigurationList;
			buildConfigurations = (
				D4B511052602B5DF00BEEA68 /* Debug */,
				D4B511062602B5DF00BEEA68 /* Release */,
			);
			defaultConfigurationIsVisible = 0;
			defaultConfigurationName = Release;
		};
		D4B511072602B5DF00BEEA68 /* Build configuration list for PBXNativeTarget "ParstagramUITests" */ = {
			isa = XCConfigurationList;
			buildConfigurations = (
				D4B511082602B5DF00BEEA68 /* Debug */,
				D4B511092602B5DF00BEEA68 /* Release */,
			);
			defaultConfigurationIsVisible = 0;
			defaultConfigurationName = Release;
		};
/* End XCConfigurationList section */
	};
	rootObject = D4B510CF2602B5DC00BEEA68 /* Project object */;
}
